# This file is autogenerated, do not edit; changes may be undone by the next 'dep ensure'.


[[projects]]
  branch = "master"
  name = "github.com/lunixbochs/struc"
  packages = ["."]
  revision = "02e4c2afbb2ac4bae6876f52c8273fc4cf5a4b0a"

[solve-meta]
  analyzer-name = "dep"
  analyzer-version = 1
  inputs-digest = "8a3147d891faffb415575c0abb415a7a80da28699eac285f6cd5827c7a2bfb91"
  solver-name = "gps-cdcl"
  solver-version = 1
